
Microsoft Visual Studio Solution File, Format Version 12.00
# Visual Studio Version 17
VisualStudioVersion = 17.4.33103.184
MinimumVisualStudioVersion = 10.0.40219.1
Project("{9A19103F-16F7-4668-BE54-9A1E7A4F7556}") = "webapi.locadora", "webapi.locadora.csproj", "{6C739B04-5EC0-4BD6-8846-3642B2A21738}"
EndProject
Global
	GlobalSection(SolutionConfigurationPlatforms) = preSolution
		Debug|Any CPU = Debug|Any CPU
		Release|Any CPU = Release|Any CPU
	EndGlobalSection
	GlobalSection(ProjectConfigurationPlatforms) = postSolution
		{6C739B04-5EC0-4BD6-8846-3642B2A21738}.Debug|Any CPU.ActiveCfg = Debug|Any CPU
		{6C739B04-5EC0-4BD6-8846-3642B2A21738}.Debug|Any CPU.Build.0 = Debug|Any CPU
		{6C739B04-5EC0-4BD6-8846-3642B2A21738}.Release|Any CPU.ActiveCfg = Release|Any CPU
		{6C739B04-5EC0-4BD6-8846-3642B2A21738}.Release|Any CPU.Build.0 = Release|Any CPU
	EndGlobalSection
	GlobalSection(SolutionProperties) = preSolution
		HideSolutionNode = FALSE
	EndGlobalSection
	GlobalSection(ExtensibilityGlobals) = postSolution
		SolutionGuid = {6206FB47-CEFD-49FE-A923-9240DC822861}
	EndGlobalSection
EndGlobal
